{
  "name": "@safelytyped/datalocations",
  "version": "0.0.1",
  "lockfileVersion": 1,
  "requires": true,
  "dependencies": {
    "@safelytyped/core-types": {
      "version": "0.1.5",
      "resolved": "https://registry.npmjs.org/@safelytyped/core-types/-/core-types-0.1.5.tgz",
      "integrity": "sha512-JpFiefeVd8WlDcoU1esRR2MLCazbNgqexwUsIYRPfITiK3NuDIRPgfJYRSjDBGmQCp2O92I9Xv1EQ5qigilJmg=="
    }
  }
}
